{
  "version": 4,
  "terraform_version": "0.12.18",
  "serial": 16,
  "lineage": "401f816a-3c25-3740-2f6f-ba0922c78db2",
  "outputs": {
    "alb_dns_name": {
      "value": "tf-lb-20200227102452596800000001-917337570.ap-northeast-1.elb.amazonaws.com",
      "type": "string"
    }
  },
  "resources": [
    {
      "mode": "data",
      "type": "archive_file",
      "name": "lambda",
      "provider": "provider.archive",
      "instances": [
        {
          "schema_version": 0,
          "attributes": {
            "excludes": null,
            "id": "799cd268e4bcf009f9053a16db7973fdb0c64177",
            "output_base64sha256": "RvWx+N47q+iiAxgMB2wfRlqV3S7E8R+uakpkzY3zlWk=",
            "output_md5": "867293a84b7163bd0f327aee7209a1cd",
            "output_path": ".upload/lambda.zip",
            "output_sha": "799cd268e4bcf009f9053a16db7973fdb0c64177",
            "output_size": 5041,
            "source": [],
            "source_content": null,
            "source_content_filename": null,
            "source_dir": "lambda",
            "source_file": null,
            "type": "zip"
          }
        }
      ]
    },
    {
      "mode": "data",
      "type": "aws_iam_policy_document",
      "name": "lambda_execution_assume_role_policy",
      "provider": "provider.aws",
      "instances": [
        {
          "schema_version": 0,
          "attributes": {
            "id": "3693445097",
            "json": "{\n  \"Version\": \"2012-10-17\",\n  \"Statement\": [\n    {\n      \"Sid\": \"\",\n      \"Effect\": \"Allow\",\n      \"Action\": \"sts:AssumeRole\",\n      \"Principal\": {\n        \"Service\": \"lambda.amazonaws.com\"\n      }\n    }\n  ]\n}",
            "override_json": null,
            "policy_id": null,
            "source_json": null,
            "statement": [
              {
                "actions": [
                  "sts:AssumeRole"
                ],
                "condition": [],
                "effect": "Allow",
                "not_actions": [],
                "not_principals": [],
                "not_resources": [],
                "principals": [
                  {
                    "identifiers": [
                      "lambda.amazonaws.com"
                    ],
                    "type": "Service"
                  }
                ],
                "resources": [],
                "sid": ""
              }
            ],
            "version": "2012-10-17"
          }
        }
      ]
    },
    {
      "mode": "managed",
      "type": "aws_alb",
      "name": "web",
      "provider": "provider.aws",
      "instances": [
        {
          "schema_version": 0,
          "attributes": {
            "access_logs": [
              {
                "bucket": "",
                "enabled": false,
                "prefix": ""
              }
            ],
            "arn": "arn:aws:elasticloadbalancing:ap-northeast-1:846207432272:loadbalancer/app/tf-lb-20200227102452596800000001/42163b5d933e2bed",
            "arn_suffix": "app/tf-lb-20200227102452596800000001/42163b5d933e2bed",
            "dns_name": "tf-lb-20200227102452596800000001-917337570.ap-northeast-1.elb.amazonaws.com",
            "enable_cross_zone_load_balancing": null,
            "enable_deletion_protection": false,
            "enable_http2": true,
            "id": "arn:aws:elasticloadbalancing:ap-northeast-1:846207432272:loadbalancer/app/tf-lb-20200227102452596800000001/42163b5d933e2bed",
            "idle_timeout": 60,
            "internal": false,
            "ip_address_type": "ipv4",
            "load_balancer_type": "application",
            "name": "tf-lb-20200227102452596800000001",
            "name_prefix": null,
            "security_groups": [
              "sg-0ec0988b5dd717e30"
            ],
            "subnet_mapping": [
              {
                "allocation_id": "",
                "subnet_id": "subnet-022f569e0077232fb"
              },
              {
                "allocation_id": "",
                "subnet_id": "subnet-05e5c73f14acf466f"
              },
              {
                "allocation_id": "",
                "subnet_id": "subnet-09509f59c476b3643"
              }
            ],
            "subnets": [
              "subnet-022f569e0077232fb",
              "subnet-05e5c73f14acf466f",
              "subnet-09509f59c476b3643"
            ],
            "tags": {},
            "timeouts": null,
            "vpc_id": "vpc-0a34ed60b32a5126b",
            "zone_id": "Z14GRHDCWA56QT"
          },
          "private": "eyJlMmJmYjczMC1lY2FhLTExZTYtOGY4OC0zNDM2M2JjN2M0YzAiOnsiY3JlYXRlIjo2MDAwMDAwMDAwMDAsImRlbGV0ZSI6NjAwMDAwMDAwMDAwLCJ1cGRhdGUiOjYwMDAwMDAwMDAwMH19"
        }
      ]
    },
    {
      "mode": "managed",
      "type": "aws_alb_listener",
      "name": "web",
      "provider": "provider.aws",
      "instances": [
        {
          "schema_version": 0,
          "attributes": {
            "arn": "arn:aws:elasticloadbalancing:ap-northeast-1:846207432272:listener/app/tf-lb-20200227102452596800000001/42163b5d933e2bed/12502378a18a800f",
            "certificate_arn": null,
            "default_action": [
              {
                "authenticate_cognito": [],
                "authenticate_oidc": [],
                "fixed_response": [],
                "order": 1,
                "redirect": [],
                "target_group_arn": "arn:aws:elasticloadbalancing:ap-northeast-1:846207432272:targetgroup/tf-20200227102252118700000002/b3a4209c7610abd7",
                "type": "forward"
              }
            ],
            "id": "arn:aws:elasticloadbalancing:ap-northeast-1:846207432272:listener/app/tf-lb-20200227102452596800000001/42163b5d933e2bed/12502378a18a800f",
            "load_balancer_arn": "arn:aws:elasticloadbalancing:ap-northeast-1:846207432272:loadbalancer/app/tf-lb-20200227102452596800000001/42163b5d933e2bed",
            "port": 80,
            "protocol": "HTTP",
            "ssl_policy": "",
            "timeouts": null
          },
          "private": "eyJlMmJmYjczMC1lY2FhLTExZTYtOGY4OC0zNDM2M2JjN2M0YzAiOnsicmVhZCI6NjAwMDAwMDAwMDAwfX0=",
          "dependencies": [
            "aws_alb.web",
            "aws_lb_target_group.lambda"
          ]
        }
      ]
    },
    {
      "mode": "managed",
      "type": "aws_alb_target_group_attachment",
      "name": "lambda",
      "provider": "provider.aws",
      "instances": [
        {
          "schema_version": 0,
          "attributes": {
            "availability_zone": null,
            "id": "arn:aws:elasticloadbalancing:ap-northeast-1:846207432272:targetgroup/tf-20200227102252118700000002/b3a4209c7610abd7-20200227102458407500000003",
            "port": null,
            "target_group_arn": "arn:aws:elasticloadbalancing:ap-northeast-1:846207432272:targetgroup/tf-20200227102252118700000002/b3a4209c7610abd7",
            "target_id": "arn:aws:lambda:ap-northeast-1:846207432272:function:k-omoto-disposable-web-aed20377d8d87e78"
          },
          "private": "bnVsbA==",
          "dependencies": [
            "aws_iam_role.lambda_execution",
            "aws_lambda_function.app",
            "aws_lambda_permission.alb_lambda",
            "aws_lb_target_group.lambda",
            "random_id.suffix"
          ]
        }
      ]
    },
    {
      "mode": "managed",
      "type": "aws_iam_role",
      "name": "lambda_execution",
      "provider": "provider.aws",
      "instances": [
        {
          "schema_version": 0,
          "attributes": {
            "arn": "arn:aws:iam::846207432272:role/k-omoto-disposable-lambda20200227101354352200000001",
            "assume_role_policy": "{\"Version\":\"2012-10-17\",\"Statement\":[{\"Sid\":\"\",\"Effect\":\"Allow\",\"Principal\":{\"Service\":\"lambda.amazonaws.com\"},\"Action\":\"sts:AssumeRole\"}]}",
            "create_date": "2020-02-27T10:13:55Z",
            "description": "",
            "force_detach_policies": false,
            "id": "k-omoto-disposable-lambda20200227101354352200000001",
            "max_session_duration": 3600,
            "name": "k-omoto-disposable-lambda20200227101354352200000001",
            "name_prefix": "k-omoto-disposable-lambda",
            "path": "/",
            "permissions_boundary": null,
            "tags": {},
            "unique_id": "AROA4KBPEWZIFPXWWK3BN"
          },
          "private": "bnVsbA=="
        }
      ]
    },
    {
      "mode": "managed",
      "type": "aws_iam_role_policy_attachment",
      "name": "lambda_execution",
      "provider": "provider.aws",
      "instances": [
        {
          "schema_version": 0,
          "attributes": {
            "id": "k-omoto-disposable-lambda20200227101354352200000001-20200227101356670400000002",
            "policy_arn": "arn:aws:iam::aws:policy/service-role/AWSLambdaBasicExecutionRole",
            "role": "k-omoto-disposable-lambda20200227101354352200000001"
          },
          "private": "bnVsbA==",
          "dependencies": [
            "aws_iam_role.lambda_execution"
          ]
        }
      ]
    },
    {
      "mode": "managed",
      "type": "aws_lambda_function",
      "name": "app",
      "provider": "provider.aws",
      "instances": [
        {
          "schema_version": 0,
          "attributes": {
            "arn": "arn:aws:lambda:ap-northeast-1:846207432272:function:k-omoto-disposable-web-aed20377d8d87e78",
            "dead_letter_config": [],
            "description": "",
            "environment": [],
            "filename": ".upload/lambda.zip",
            "function_name": "k-omoto-disposable-web-aed20377d8d87e78",
            "handler": "main.lambda_handler",
            "id": "k-omoto-disposable-web-aed20377d8d87e78",
            "invoke_arn": "arn:aws:apigateway:ap-northeast-1:lambda:path/2015-03-31/functions/arn:aws:lambda:ap-northeast-1:846207432272:function:k-omoto-disposable-web-aed20377d8d87e78/invocations",
            "kms_key_arn": "",
            "last_modified": "2020-02-27T10:24:58.160+0000",
            "layers": [],
            "memory_size": 128,
            "publish": false,
            "qualified_arn": "arn:aws:lambda:ap-northeast-1:846207432272:function:k-omoto-disposable-web-aed20377d8d87e78:$LATEST",
            "reserved_concurrent_executions": -1,
            "role": "arn:aws:iam::846207432272:role/k-omoto-disposable-lambda20200227101354352200000001",
            "runtime": "ruby2.5",
            "s3_bucket": null,
            "s3_key": null,
            "s3_object_version": null,
            "source_code_hash": "RvWx+N47q+iiAxgMB2wfRlqV3S7E8R+uakpkzY3zlWk=",
            "source_code_size": 5041,
            "tags": {},
            "timeout": 30,
            "timeouts": null,
            "tracing_config": [
              {
                "mode": "PassThrough"
              }
            ],
            "version": "$LATEST",
            "vpc_config": []
          },
          "private": "eyJlMmJmYjczMC1lY2FhLTExZTYtOGY4OC0zNDM2M2JjN2M0YzAiOnsiY3JlYXRlIjo2MDAwMDAwMDAwMDB9fQ==",
          "dependencies": [
            "aws_iam_role.lambda_execution",
            "random_id.suffix"
          ]
        }
      ]
    },
    {
      "mode": "managed",
      "type": "aws_lambda_permission",
      "name": "alb_lambda",
      "provider": "provider.aws",
      "instances": [
        {
          "schema_version": 0,
          "attributes": {
            "action": "lambda:InvokeFunction",
            "event_source_token": null,
            "function_name": "k-omoto-disposable-web-aed20377d8d87e78",
            "id": "terraform-20200227102458091100000002",
            "principal": "elasticloadbalancing.amazonaws.com",
            "qualifier": "",
            "source_account": null,
            "source_arn": "arn:aws:elasticloadbalancing:ap-northeast-1:846207432272:targetgroup/tf-20200227102252118700000002/b3a4209c7610abd7",
            "statement_id": "terraform-20200227102458091100000002",
            "statement_id_prefix": null
          },
          "private": "bnVsbA==",
          "dependencies": [
            "aws_iam_role.lambda_execution",
            "aws_lambda_function.app",
            "aws_lb_target_group.lambda",
            "random_id.suffix"
          ]
        }
      ]
    },
    {
      "mode": "managed",
      "type": "aws_lb_target_group",
      "name": "lambda",
      "provider": "provider.aws",
      "instances": [
        {
          "schema_version": 0,
          "attributes": {
            "arn": "arn:aws:elasticloadbalancing:ap-northeast-1:846207432272:targetgroup/tf-20200227102252118700000002/b3a4209c7610abd7",
            "arn_suffix": "targetgroup/tf-20200227102252118700000002/b3a4209c7610abd7",
            "deregistration_delay": 300,
            "health_check": [
              {
                "enabled": false,
                "healthy_threshold": 5,
                "interval": 35,
                "matcher": "200",
                "path": "/",
                "port": "",
                "protocol": "",
                "timeout": 30,
                "unhealthy_threshold": 2
              }
            ],
            "id": "arn:aws:elasticloadbalancing:ap-northeast-1:846207432272:targetgroup/tf-20200227102252118700000002/b3a4209c7610abd7",
            "lambda_multi_value_headers_enabled": false,
            "name": "tf-20200227102252118700000002",
            "name_prefix": null,
            "port": null,
            "protocol": null,
            "proxy_protocol_v2": false,
            "slow_start": 0,
            "stickiness": [],
            "tags": {},
            "target_type": "lambda",
            "vpc_id": null
          },
          "private": "bnVsbA=="
        }
      ]
    },
    {
      "mode": "managed",
      "type": "random_id",
      "name": "suffix",
      "provider": "provider.random",
      "instances": [
        {
          "schema_version": 0,
          "attributes": {
            "b64": "rtIDd9jYfng",
            "b64_std": "rtIDd9jYfng=",
            "b64_url": "rtIDd9jYfng",
            "byte_length": 8,
            "dec": "12597134920982756984",
            "hex": "aed20377d8d87e78",
            "id": "rtIDd9jYfng",
            "keepers": null,
            "prefix": null
          },
          "private": "bnVsbA=="
        }
      ]
    }
  ]
}
