{
  "version": 4,
  "terraform_version": "0.12.21",
  "serial": 10,
  "lineage": "4ee90ca3-56c9-7e11-5dee-f06fcb0eeb67",
  "outputs": {
    "alb_dns_name": {
      "value": "sample20200301074211970100000002-1543782964.ap-northeast-1.elb.amazonaws.com",
      "type": "string"
    }
  },
  "resources": [
    {
      "mode": "data",
      "type": "aws_lambda_function",
      "name": "app",
      "each": "map",
      "provider": "provider.aws",
      "instances": [
        {
          "index_key": "http-sample",
          "schema_version": 0,
          "attributes": {
            "arn": "arn:aws:lambda:ap-northeast-1:673889013890:function:http-sample",
            "dead_letter_config": [],
            "description": "",
            "environment": [],
            "function_name": "http-sample",
            "handler": "lambda_function.lambda_handler",
            "id": "http-sample",
            "invoke_arn": "arn:aws:apigateway:ap-northeast-1:lambda:path/2015-03-31/functions/arn:aws:lambda:ap-northeast-1:673889013890:function:http-sample/invocations",
            "kms_key_arn": "",
            "last_modified": "2020-03-01T07:42:13.743+0000",
            "layers": [],
            "memory_size": 128,
            "qualified_arn": "arn:aws:lambda:ap-northeast-1:673889013890:function:http-sample:$LATEST",
            "qualifier": null,
            "reserved_concurrent_executions": -1,
            "role": "arn:aws:iam::673889013890:role/service-role/http-sample-role-vrzfnwnf",
            "runtime": "ruby2.7",
            "source_code_hash": "sF+pNOWgzKbUM+O7qe6V8siaiDUd2dUkdZ50xkNxEyg=",
            "source_code_size": 279,
            "tags": {},
            "timeout": 3,
            "tracing_config": [
              {
                "mode": "PassThrough"
              }
            ],
            "version": "$LATEST",
            "vpc_config": []
          }
        }
      ]
    },
    {
      "mode": "managed",
      "type": "aws_alb",
      "name": "web",
      "provider": "provider.aws",
      "instances": [
        {
          "schema_version": 0,
          "attributes": {
            "access_logs": [
              {
                "bucket": "",
                "enabled": false,
                "prefix": ""
              }
            ],
            "arn": "arn:aws:elasticloadbalancing:ap-northeast-1:673889013890:loadbalancer/app/sample20200301074211970100000002/a7c11b056b0ae687",
            "arn_suffix": "app/sample20200301074211970100000002/a7c11b056b0ae687",
            "dns_name": "sample20200301074211970100000002-1543782964.ap-northeast-1.elb.amazonaws.com",
            "enable_cross_zone_load_balancing": null,
            "enable_deletion_protection": false,
            "enable_http2": true,
            "id": "arn:aws:elasticloadbalancing:ap-northeast-1:673889013890:loadbalancer/app/sample20200301074211970100000002/a7c11b056b0ae687",
            "idle_timeout": 60,
            "internal": false,
            "ip_address_type": "ipv4",
            "load_balancer_type": "application",
            "name": "sample20200301074211970100000002",
            "name_prefix": "sample",
            "security_groups": [
              "sg-63d43205"
            ],
            "subnet_mapping": [
              {
                "allocation_id": "",
                "subnet_id": "subnet-53301a25"
              },
              {
                "allocation_id": "",
                "subnet_id": "subnet-a74c338f"
              },
              {
                "allocation_id": "",
                "subnet_id": "subnet-d01d6888"
              }
            ],
            "subnets": [
              "subnet-53301a25",
              "subnet-a74c338f",
              "subnet-d01d6888"
            ],
            "tags": {},
            "timeouts": null,
            "vpc_id": "vpc-578fef33",
            "zone_id": "Z14GRHDCWA56QT"
          },
          "private": "eyJlMmJmYjczMC1lY2FhLTExZTYtOGY4OC0zNDM2M2JjN2M0YzAiOnsiY3JlYXRlIjo2MDAwMDAwMDAwMDAsImRlbGV0ZSI6NjAwMDAwMDAwMDAwLCJ1cGRhdGUiOjYwMDAwMDAwMDAwMH19"
        }
      ]
    },
    {
      "mode": "managed",
      "type": "aws_alb_listener",
      "name": "lambda",
      "provider": "provider.aws",
      "instances": [
        {
          "schema_version": 0,
          "attributes": {
            "arn": "arn:aws:elasticloadbalancing:ap-northeast-1:673889013890:listener/app/sample20200301074211970100000002/a7c11b056b0ae687/3f0114bbc3a84a77",
            "certificate_arn": null,
            "default_action": [
              {
                "authenticate_cognito": [],
                "authenticate_oidc": [],
                "fixed_response": [
                  {
                    "content_type": "text/plain",
                    "message_body": "Not found",
                    "status_code": "404"
                  }
                ],
                "order": 1,
                "redirect": [],
                "target_group_arn": "",
                "type": "fixed-response"
              }
            ],
            "id": "arn:aws:elasticloadbalancing:ap-northeast-1:673889013890:listener/app/sample20200301074211970100000002/a7c11b056b0ae687/3f0114bbc3a84a77",
            "load_balancer_arn": "arn:aws:elasticloadbalancing:ap-northeast-1:673889013890:loadbalancer/app/sample20200301074211970100000002/a7c11b056b0ae687",
            "port": 80,
            "protocol": "HTTP",
            "ssl_policy": "",
            "timeouts": null
          },
          "private": "eyJlMmJmYjczMC1lY2FhLTExZTYtOGY4OC0zNDM2M2JjN2M0YzAiOnsicmVhZCI6NjAwMDAwMDAwMDAwfX0=",
          "dependencies": [
            "aws_alb.web"
          ]
        }
      ]
    },
    {
      "mode": "managed",
      "type": "aws_alb_target_group",
      "name": "lambda",
      "each": "map",
      "provider": "provider.aws",
      "instances": [
        {
          "index_key": "http-sample",
          "schema_version": 0,
          "attributes": {
            "arn": "arn:aws:elasticloadbalancing:ap-northeast-1:673889013890:targetgroup/tf-20200301074211969600000001/b779e6ecffbdd01c",
            "arn_suffix": "targetgroup/tf-20200301074211969600000001/b779e6ecffbdd01c",
            "deregistration_delay": 300,
            "health_check": [
              {
                "enabled": false,
                "healthy_threshold": 5,
                "interval": 35,
                "matcher": "200",
                "path": "/",
                "port": "",
                "protocol": "",
                "timeout": 30,
                "unhealthy_threshold": 2
              }
            ],
            "id": "arn:aws:elasticloadbalancing:ap-northeast-1:673889013890:targetgroup/tf-20200301074211969600000001/b779e6ecffbdd01c",
            "lambda_multi_value_headers_enabled": false,
            "name": "tf-20200301074211969600000001",
            "name_prefix": null,
            "port": null,
            "protocol": null,
            "proxy_protocol_v2": false,
            "slow_start": 0,
            "stickiness": [],
            "tags": {},
            "target_type": "lambda",
            "vpc_id": null
          },
          "private": "bnVsbA=="
        }
      ]
    },
    {
      "mode": "managed",
      "type": "aws_alb_target_group_attachment",
      "name": "lambda",
      "each": "map",
      "provider": "provider.aws",
      "instances": [
        {
          "index_key": "http-sample",
          "schema_version": 0,
          "attributes": {
            "availability_zone": null,
            "id": "arn:aws:elasticloadbalancing:ap-northeast-1:673889013890:targetgroup/tf-20200301074211969600000001/b779e6ecffbdd01c-20200301074214005500000004",
            "port": null,
            "target_group_arn": "arn:aws:elasticloadbalancing:ap-northeast-1:673889013890:targetgroup/tf-20200301074211969600000001/b779e6ecffbdd01c",
            "target_id": "arn:aws:lambda:ap-northeast-1:673889013890:function:http-sample"
          },
          "private": "bnVsbA==",
          "dependencies": [
            "aws_alb_target_group.lambda"
          ]
        }
      ]
    },
    {
      "mode": "managed",
      "type": "aws_lambda_permission",
      "name": "alb_lambda",
      "each": "map",
      "provider": "provider.aws",
      "instances": [
        {
          "index_key": "http-sample",
          "schema_version": 0,
          "attributes": {
            "action": "lambda:InvokeFunction",
            "event_source_token": null,
            "function_name": "arn:aws:lambda:ap-northeast-1:673889013890:function:http-sample",
            "id": "terraform-20200301074901901100000001",
            "principal": "elasticloadbalancing.amazonaws.com",
            "qualifier": "",
            "source_account": null,
            "source_arn": "arn:aws:elasticloadbalancing:ap-northeast-1:673889013890:targetgroup/tf-20200301074211969600000001/b779e6ecffbdd01c",
            "statement_id": "terraform-20200301074901901100000001",
            "statement_id_prefix": null
          },
          "private": "bnVsbA==",
          "dependencies": [
            "aws_alb_target_group.lambda"
          ]
        }
      ]
    },
    {
      "mode": "managed",
      "type": "aws_lb_listener_rule",
      "name": "static",
      "each": "map",
      "provider": "provider.aws",
      "instances": [
        {
          "index_key": "http-sample",
          "schema_version": 0,
          "attributes": {
            "action": [
              {
                "authenticate_cognito": [],
                "authenticate_oidc": [],
                "fixed_response": [],
                "order": 1,
                "redirect": [],
                "target_group_arn": "arn:aws:elasticloadbalancing:ap-northeast-1:673889013890:targetgroup/tf-20200301074211969600000001/b779e6ecffbdd01c",
                "type": "forward"
              }
            ],
            "arn": "arn:aws:elasticloadbalancing:ap-northeast-1:673889013890:listener-rule/app/sample20200301074211970100000002/a7c11b056b0ae687/3f0114bbc3a84a77/972bc685b87991b5",
            "condition": [
              {
                "field": "path-pattern",
                "host_header": [],
                "http_header": [],
                "http_request_method": [],
                "path_pattern": [
                  {
                    "values": [
                      "/lambda/http-sample"
                    ]
                  }
                ],
                "query_string": [],
                "source_ip": [],
                "values": [
                  "/lambda/http-sample"
                ]
              }
            ],
            "id": "arn:aws:elasticloadbalancing:ap-northeast-1:673889013890:listener-rule/app/sample20200301074211970100000002/a7c11b056b0ae687/3f0114bbc3a84a77/972bc685b87991b5",
            "listener_arn": "arn:aws:elasticloadbalancing:ap-northeast-1:673889013890:listener/app/sample20200301074211970100000002/a7c11b056b0ae687/3f0114bbc3a84a77",
            "priority": 100
          },
          "private": "bnVsbA==",
          "dependencies": [
            "aws_alb.web",
            "aws_alb_listener.lambda",
            "aws_alb_target_group.lambda"
          ]
        }
      ]
    }
  ]
}
